
Microsoft Visual Studio Solution File, Format Version 12.00
# Visual Studio 15
VisualStudioVersion = 15.0.28010.2019
MinimumVisualStudioVersion = 10.0.40219.1
Project("{9092AA53-FB77-4645-B42D-1CCCA6BD08BD}") = "simple-nodejs-web-app", "simple-nodejs-web-app\simple-nodejs-web-app.njsproj", "{C22A6419-A407-451D-8BAF-FA96813E4CA5}"
EndProject
Global
	GlobalSection(SolutionConfigurationPlatforms) = preSolution
		Debug|Any CPU = Debug|Any CPU
		Release|Any CPU = Release|Any CPU
	EndGlobalSection
	GlobalSection(ProjectConfigurationPlatforms) = postSolution
		{C22A6419-A407-451D-8BAF-FA96813E4CA5}.Debug|Any CPU.ActiveCfg = Debug|Any CPU
		{C22A6419-A407-451D-8BAF-FA96813E4CA5}.Debug|Any CPU.Build.0 = Debug|Any CPU
		{C22A6419-A407-451D-8BAF-FA96813E4CA5}.Release|Any CPU.ActiveCfg = Release|Any CPU
		{C22A6419-A407-451D-8BAF-FA96813E4CA5}.Release|Any CPU.Build.0 = Release|Any CPU
	EndGlobalSection
	GlobalSection(SolutionProperties) = preSolution
		HideSolutionNode = FALSE
	EndGlobalSection
	GlobalSection(ExtensibilityGlobals) = postSolution
		SolutionGuid = {C633EB92-CA0B-4E3D-8933-3B63485404C6}
	EndGlobalSection
EndGlobal
